
Microsoft Visual Studio Solution File, Format Version 12.00
# Visual Studio 15
VisualStudioVersion = 15.0.28307.168
MinimumVisualStudioVersion = 10.0.40219.1
Project("{2150E333-8FDC-42A3-9474-1A3956D46DE8}") = "MicroServices", "MicroServices", "{CCC12F3A-5E41-4AD1-87B9-811FEC510D4E}"
EndProject
Project("{2150E333-8FDC-42A3-9474-1A3956D46DE8}") = "Domain", "Domain", "{A7751888-C95B-4E59-869A-6390429B286D}"
EndProject
Project("{2150E333-8FDC-42A3-9474-1A3956D46DE8}") = "Infra.Bus", "Infra.Bus", "{D68F7EB0-7EE6-4DA7-A930-92B8C2F55A9D}"
EndProject
Project("{2150E333-8FDC-42A3-9474-1A3956D46DE8}") = "Infra.IOC", "Infra.IOC", "{13B5D538-D473-4ED1-806D-F7F2CB8B7E0A}"
EndProject
Project("{2150E333-8FDC-42A3-9474-1A3956D46DE8}") = "Presentation", "Presentation", "{AD296AEB-39C1-47F1-8CC1-2496AC707C0F}"
EndProject
Project("{9A19103F-16F7-4668-BE54-9A1E7A4F7556}") = "MicroRabbit.Domain.Core", "MicroRabbit.Domain.Core\MicroRabbit.Domain.Core.csproj", "{FF143921-BFC1-48F3-A6B7-05CE0BE968E0}"
EndProject
Project("{9A19103F-16F7-4668-BE54-9A1E7A4F7556}") = "MicroRabbit.Infra.bus", "MicroRabbit.Infra.bus\MicroRabbit.Infra.bus.csproj", "{72134313-6E48-4161-B976-DB56C9621C24}"
EndProject
Project("{9A19103F-16F7-4668-BE54-9A1E7A4F7556}") = "MicroRabbit.Infra.IOC", "MicroRabbit.Infra.IOC\MicroRabbit.Infra.IOC.csproj", "{06EC32E6-2B46-4E0A-B82F-8901D8835D38}"
EndProject
Project("{2150E333-8FDC-42A3-9474-1A3956D46DE8}") = "Banking", "Banking", "{A0025454-A8AE-4138-9354-2118E1D8E735}"
EndProject
Project("{2150E333-8FDC-42A3-9474-1A3956D46DE8}") = "API", "API", "{C8901722-EA0B-4836-BB0A-F210D067A657}"
EndProject
Project("{2150E333-8FDC-42A3-9474-1A3956D46DE8}") = "Application", "Application", "{DBEBACF4-59DE-4FF1-BDAC-DDEDD8FE4E8E}"
EndProject
Project("{2150E333-8FDC-42A3-9474-1A3956D46DE8}") = "Data", "Data", "{ABE52A8A-1CE3-4FDC-A5D3-6AB8D457F5F8}"
EndProject
Project("{2150E333-8FDC-42A3-9474-1A3956D46DE8}") = "Domain", "Domain", "{178D383F-444F-4665-8436-1F603EDC67EF}"
EndProject
Project("{9A19103F-16F7-4668-BE54-9A1E7A4F7556}") = "MicroRabbit.Banking.Api", "MicroRabbit.Banking.Api\MicroRabbit.Banking.Api.csproj", "{41F38B8A-4B9F-4368-A34A-F9163966465C}"
EndProject
Project("{9A19103F-16F7-4668-BE54-9A1E7A4F7556}") = "MicrpRabbit.Banking.Application", "MicrpRabbit.Banking.Application\MicrpRabbit.Banking.Application.csproj", "{B1BB0C22-3285-4EBD-96DB-57C4354BC208}"
EndProject
Project("{9A19103F-16F7-4668-BE54-9A1E7A4F7556}") = "MicroRabbit.Banking.Data", "MicroRabbit.Banking.Data\MicroRabbit.Banking.Data.csproj", "{36D4890C-C6FE-4344-AE16-B2229DD1C3DC}"
EndProject
Project("{9A19103F-16F7-4668-BE54-9A1E7A4F7556}") = "MicroRabbit.Banking.Domain", "MicroRabbit.Banking.Domain\MicroRabbit.Banking.Domain.csproj", "{B2F6F2C2-BF64-442B-86C7-6CE01606D7F0}"
EndProject
Global
	GlobalSection(SolutionConfigurationPlatforms) = preSolution
		Debug|Any CPU = Debug|Any CPU
		Release|Any CPU = Release|Any CPU
	EndGlobalSection
	GlobalSection(ProjectConfigurationPlatforms) = postSolution
		{FF143921-BFC1-48F3-A6B7-05CE0BE968E0}.Debug|Any CPU.ActiveCfg = Debug|Any CPU
		{FF143921-BFC1-48F3-A6B7-05CE0BE968E0}.Debug|Any CPU.Build.0 = Debug|Any CPU
		{FF143921-BFC1-48F3-A6B7-05CE0BE968E0}.Release|Any CPU.ActiveCfg = Release|Any CPU
		{FF143921-BFC1-48F3-A6B7-05CE0BE968E0}.Release|Any CPU.Build.0 = Release|Any CPU
		{72134313-6E48-4161-B976-DB56C9621C24}.Debug|Any CPU.ActiveCfg = Debug|Any CPU
		{72134313-6E48-4161-B976-DB56C9621C24}.Debug|Any CPU.Build.0 = Debug|Any CPU
		{72134313-6E48-4161-B976-DB56C9621C24}.Release|Any CPU.ActiveCfg = Release|Any CPU
		{72134313-6E48-4161-B976-DB56C9621C24}.Release|Any CPU.Build.0 = Release|Any CPU
		{06EC32E6-2B46-4E0A-B82F-8901D8835D38}.Debug|Any CPU.ActiveCfg = Debug|Any CPU
		{06EC32E6-2B46-4E0A-B82F-8901D8835D38}.Debug|Any CPU.Build.0 = Debug|Any CPU
		{06EC32E6-2B46-4E0A-B82F-8901D8835D38}.Release|Any CPU.ActiveCfg = Release|Any CPU
		{06EC32E6-2B46-4E0A-B82F-8901D8835D38}.Release|Any CPU.Build.0 = Release|Any CPU
		{41F38B8A-4B9F-4368-A34A-F9163966465C}.Debug|Any CPU.ActiveCfg = Debug|Any CPU
		{41F38B8A-4B9F-4368-A34A-F9163966465C}.Debug|Any CPU.Build.0 = Debug|Any CPU
		{41F38B8A-4B9F-4368-A34A-F9163966465C}.Release|Any CPU.ActiveCfg = Release|Any CPU
		{41F38B8A-4B9F-4368-A34A-F9163966465C}.Release|Any CPU.Build.0 = Release|Any CPU
		{B1BB0C22-3285-4EBD-96DB-57C4354BC208}.Debug|Any CPU.ActiveCfg = Debug|Any CPU
		{B1BB0C22-3285-4EBD-96DB-57C4354BC208}.Debug|Any CPU.Build.0 = Debug|Any CPU
		{B1BB0C22-3285-4EBD-96DB-57C4354BC208}.Release|Any CPU.ActiveCfg = Release|Any CPU
		{B1BB0C22-3285-4EBD-96DB-57C4354BC208}.Release|Any CPU.Build.0 = Release|Any CPU
		{36D4890C-C6FE-4344-AE16-B2229DD1C3DC}.Debug|Any CPU.ActiveCfg = Debug|Any CPU
		{36D4890C-C6FE-4344-AE16-B2229DD1C3DC}.Debug|Any CPU.Build.0 = Debug|Any CPU
		{36D4890C-C6FE-4344-AE16-B2229DD1C3DC}.Release|Any CPU.ActiveCfg = Release|Any CPU
		{36D4890C-C6FE-4344-AE16-B2229DD1C3DC}.Release|Any CPU.Build.0 = Release|Any CPU
		{B2F6F2C2-BF64-442B-86C7-6CE01606D7F0}.Debug|Any CPU.ActiveCfg = Debug|Any CPU
		{B2F6F2C2-BF64-442B-86C7-6CE01606D7F0}.Debug|Any CPU.Build.0 = Debug|Any CPU
		{B2F6F2C2-BF64-442B-86C7-6CE01606D7F0}.Release|Any CPU.ActiveCfg = Release|Any CPU
		{B2F6F2C2-BF64-442B-86C7-6CE01606D7F0}.Release|Any CPU.Build.0 = Release|Any CPU
	EndGlobalSection
	GlobalSection(SolutionProperties) = preSolution
		HideSolutionNode = FALSE
	EndGlobalSection
	GlobalSection(NestedProjects) = preSolution
		{FF143921-BFC1-48F3-A6B7-05CE0BE968E0} = {A7751888-C95B-4E59-869A-6390429B286D}
		{72134313-6E48-4161-B976-DB56C9621C24} = {D68F7EB0-7EE6-4DA7-A930-92B8C2F55A9D}
		{06EC32E6-2B46-4E0A-B82F-8901D8835D38} = {13B5D538-D473-4ED1-806D-F7F2CB8B7E0A}
		{A0025454-A8AE-4138-9354-2118E1D8E735} = {CCC12F3A-5E41-4AD1-87B9-811FEC510D4E}
		{C8901722-EA0B-4836-BB0A-F210D067A657} = {A0025454-A8AE-4138-9354-2118E1D8E735}
		{DBEBACF4-59DE-4FF1-BDAC-DDEDD8FE4E8E} = {A0025454-A8AE-4138-9354-2118E1D8E735}
		{ABE52A8A-1CE3-4FDC-A5D3-6AB8D457F5F8} = {A0025454-A8AE-4138-9354-2118E1D8E735}
		{178D383F-444F-4665-8436-1F603EDC67EF} = {A0025454-A8AE-4138-9354-2118E1D8E735}
		{41F38B8A-4B9F-4368-A34A-F9163966465C} = {C8901722-EA0B-4836-BB0A-F210D067A657}
		{B1BB0C22-3285-4EBD-96DB-57C4354BC208} = {DBEBACF4-59DE-4FF1-BDAC-DDEDD8FE4E8E}
		{36D4890C-C6FE-4344-AE16-B2229DD1C3DC} = {ABE52A8A-1CE3-4FDC-A5D3-6AB8D457F5F8}
		{B2F6F2C2-BF64-442B-86C7-6CE01606D7F0} = {178D383F-444F-4665-8436-1F603EDC67EF}
	EndGlobalSection
	GlobalSection(ExtensibilityGlobals) = postSolution
		SolutionGuid = {E0952DC2-1A44-4740-8690-C415E43347A4}
	EndGlobalSection
EndGlobal
